// !$*UTF8*$!
{
	archiveVersion = 1;
	classes = {
	};
	objectVersion = 46;
	objects = {

/* Begin PBXBuildFile section */
		1676C7A11ABF989900A0A7EF /* main.m in Sources */ = {isa = PBXBuildFile; fileRef = 1676C7A01ABF989900A0A7EF /* main.m */; };
		1676C7A41ABF989900A0A7EF /* AppDelegate.m in Sources */ = {isa = PBXBuildFile; fileRef = 1676C7A31ABF989900A0A7EF /* AppDelegate.m */; };
		1676C7A71ABF989900A0A7EF /* ViewController.m in Sources */ = {isa = PBXBuildFile; fileRef = 1676C7A61ABF989900A0A7EF /* ViewController.m */; };
		1676C7AA1ABF989900A0A7EF /* Main.storyboard in Resources */ = {isa = PBXBuildFile; fileRef = 1676C7A81ABF989900A0A7EF /* Main.storyboard */; };
		1676C7AC1ABF989900A0A7EF /* Images.xcassets in Resources */ = {isa = PBXBuildFile; fileRef = 1676C7AB1ABF989900A0A7EF /* Images.xcassets */; };
		1676C7AF1ABF989900A0A7EF /* LaunchScreen.xib in Resources */ = {isa = PBXBuildFile; fileRef = 1676C7AD1ABF989900A0A7EF /* LaunchScreen.xib */; };
		1676C7BB1ABF989900A0A7EF /* NumberProblemsTests.m in Sources */ = {isa = PBXBuildFile; fileRef = 1676C7BA1ABF989900A0A7EF /* NumberProblemsTests.m */; };
/* End PBXBuildFile section */

/* Begin PBXContainerItemProxy section */
		1676C7B51ABF989900A0A7EF /* PBXContainerItemProxy */ = {
			isa = PBXContainerItemProxy;
			containerPortal = 1676C7931ABF989900A0A7EF /* Project object */;
			proxyType = 1;
			remoteGlobalIDString = 1676C79A1ABF989900A0A7EF;
			remoteInfo = NumberProblems;
		};
/* End PBXContainerItemProxy section */

/* Begin PBXFileReference section */
		1676C79B1ABF989900A0A7EF /* NumberProblems.app */ = {isa = PBXFileReference; explicitFileType = wrapper.application; includeInIndex = 0; path = NumberProblems.app; sourceTree = BUILT_PRODUCTS_DIR; };
		1676C79F1ABF989900A0A7EF /* Info.plist */ = {isa = PBXFileReference; lastKnownFileType = text.plist.xml; path = Info.plist; sourceTree = "<group>"; };
		1676C7A01ABF989900A0A7EF /* main.m */ = {isa = PBXFileReference; lastKnownFileType = sourcecode.c.objc; path = main.m; sourceTree = "<group>"; };
		1676C7A21ABF989900A0A7EF /* AppDelegate.h */ = {isa = PBXFileReference; lastKnownFileType = sourcecode.c.h; path = AppDelegate.h; sourceTree = "<group>"; };
		1676C7A31ABF989900A0A7EF /* AppDelegate.m */ = {isa = PBXFileReference; lastKnownFileType = sourcecode.c.objc; path = AppDelegate.m; sourceTree = "<group>"; };
		1676C7A51ABF989900A0A7EF /* ViewController.h */ = {isa = PBXFileReference; lastKnownFileType = sourcecode.c.h; path = ViewController.h; sourceTree = "<group>"; };
		1676C7A61ABF989900A0A7EF /* ViewController.m */ = {isa = PBXFileReference; lastKnownFileType = sourcecode.c.objc; path = ViewController.m; sourceTree = "<group>"; };
		1676C7A91ABF989900A0A7EF /* Base */ = {isa = PBXFileReference; lastKnownFileType = file.storyboard; name = Base; path = Base.lproj/Main.storyboard; sourceTree = "<group>"; };
		1676C7AB1ABF989900A0A7EF /* Images.xcassets */ = {isa = PBXFileReference; lastKnownFileType = folder.assetcatalog; path = Images.xcassets; sourceTree = "<group>"; };
		1676C7AE1ABF989900A0A7EF /* Base */ = {isa = PBXFileReference; lastKnownFileType = file.xib; name = Base; path = Base.lproj/LaunchScreen.xib; sourceTree = "<group>"; };
		1676C7B41ABF989900A0A7EF /* NumberProblemsTests.xctest */ = {isa = PBXFileReference; explicitFileType = wrapper.cfbundle; includeInIndex = 0; path = NumberProblemsTests.xctest; sourceTree = BUILT_PRODUCTS_DIR; };
		1676C7B91ABF989900A0A7EF /* Info.plist */ = {isa = PBXFileReference; lastKnownFileType = text.plist.xml; path = Info.plist; sourceTree = "<group>"; };
		1676C7BA1ABF989900A0A7EF /* NumberProblemsTests.m */ = {isa = PBXFileReference; lastKnownFileType = sourcecode.c.objc; path = NumberProblemsTests.m; sourceTree = "<group>"; };
/* End PBXFileReference section */

/* Begin PBXFrameworksBuildPhase section */
		1676C7981ABF989900A0A7EF /* Frameworks */ = {
			isa = PBXFrameworksBuildPhase;
			buildActionMask = 2147483647;
			files = (
			);
			runOnlyForDeploymentPostprocessing = 0;
		};
		1676C7B11ABF989900A0A7EF /* Frameworks */ = {
			isa = PBXFrameworksBuildPhase;
			buildActionMask = 2147483647;
			files = (
			);
			runOnlyForDeploymentPostprocessing = 0;
		};
/* End PBXFrameworksBuildPhase section */

/* Begin PBXGroup section */
		1676C7921ABF989900A0A7EF = {
			isa = PBXGroup;
			children = (
				1676C79D1ABF989900A0A7EF /* NumberProblems */,
				1676C7B71ABF989900A0A7EF /* NumberProblemsTests */,
				1676C79C1ABF989900A0A7EF /* Products */,
			);
			sourceTree = "<group>";
		};
		1676C79C1ABF989900A0A7EF /* Products */ = {
			isa = PBXGroup;
			children = (
				1676C79B1ABF989900A0A7EF /* NumberProblems.app */,
				1676C7B41ABF989900A0A7EF /* NumberProblemsTests.xctest */,
			);
			name = Products;
			sourceTree = "<group>";
		};
		1676C79D1ABF989900A0A7EF /* NumberProblems */ = {
			isa = PBXGroup;
			children = (
				1676C7A21ABF989900A0A7EF /* AppDelegate.h */,
				1676C7A31ABF989900A0A7EF /* AppDelegate.m */,
				1676C7A51ABF989900A0A7EF /* ViewController.h */,
				1676C7A61ABF989900A0A7EF /* ViewController.m */,
				1676C7A81ABF989900A0A7EF /* Main.storyboard */,
				1676C7AB1ABF989900A0A7EF /* Images.xcassets */,
				1676C7AD1ABF989900A0A7EF /* LaunchScreen.xib */,
				1676C79E1ABF989900A0A7EF /* Supporting Files */,
			);
			path = NumberProblems;
			sourceTree = "<group>";
		};
		1676C79E1ABF989900A0A7EF /* Supporting Files */ = {
			isa = PBXGroup;
			children = (
				1676C79F1ABF989900A0A7EF /* Info.plist */,
				1676C7A01ABF989900A0A7EF /* main.m */,
			);
			name = "Supporting Files";
			sourceTree = "<group>";
		};
		1676C7B71ABF989900A0A7EF /* NumberProblemsTests */ = {
			isa = PBXGroup;
			children = (
				1676C7BA1ABF989900A0A7EF /* NumberProblemsTests.m */,
				1676C7B81ABF989900A0A7EF /* Supporting Files */,
			);
			path = NumberProblemsTests;
			sourceTree = "<group>";
		};
		1676C7B81ABF989900A0A7EF /* Supporting Files */ = {
			isa = PBXGroup;
			children = (
				1676C7B91ABF989900A0A7EF /* Info.plist */,
			);
			name = "Supporting Files";
			sourceTree = "<group>";
		};
/* End PBXGroup section */

/* Begin PBXNativeTarget section */
		1676C79A1ABF989900A0A7EF /* NumberProblems */ = {
			isa = PBXNativeTarget;
			buildConfigurationList = 1676C7BE1ABF989900A0A7EF /* Build configuration list for PBXNativeTarget "NumberProblems" */;
			buildPhases = (
				1676C7971ABF989900A0A7EF /* Sources */,
				1676C7981ABF989900A0A7EF /* Frameworks */,
				1676C7991ABF989900A0A7EF /* Resources */,
			);
			buildRules = (
			);
			dependencies = (
			);
			name = NumberProblems;
			productName = NumberProblems;
			productReference = 1676C79B1ABF989900A0A7EF /* NumberProblems.app */;
			productType = "com.apple.product-type.application";
		};
		1676C7B31ABF989900A0A7EF /* NumberProblemsTests */ = {
			isa = PBXNativeTarget;
			buildConfigurationList = 1676C7C11ABF989900A0A7EF /* Build configuration list for PBXNativeTarget "NumberProblemsTests" */;
			buildPhases = (
				1676C7B01ABF989900A0A7EF /* Sources */,
				1676C7B11ABF989900A0A7EF /* Frameworks */,
				1676C7B21ABF989900A0A7EF /* Resources */,
			);
			buildRules = (
			);
			dependencies = (
				1676C7B61ABF989900A0A7EF /* PBXTargetDependency */,
			);
			name = NumberProblemsTests;
			productName = NumberProblemsTests;
			productReference = 1676C7B41ABF989900A0A7EF /* NumberProblemsTests.xctest */;
			productType = "com.apple.product-type.bundle.unit-test";
		};
/* End PBXNativeTarget section */

/* Begin PBXProject section */
		1676C7931ABF989900A0A7EF /* Project object */ = {
			isa = PBXProject;
			attributes = {
				LastUpgradeCheck = 0620;
				ORGANIZATIONNAME = "Slacker Tools";
				TargetAttributes = {
					1676C79A1ABF989900A0A7EF = {
						CreatedOnToolsVersion = 6.2;
					};
					1676C7B31ABF989900A0A7EF = {
						CreatedOnToolsVersion = 6.2;
						TestTargetID = 1676C79A1ABF989900A0A7EF;
					};
				};
			};
			buildConfigurationList = 1676C7961ABF989900A0A7EF /* Build configuration list for PBXProject "NumberProblems" */;
			compatibilityVersion = "Xcode 3.2";
			developmentRegion = English;
			hasScannedForEncodings = 0;
			knownRegions = (
				en,
				Base,
			);
			mainGroup = 1676C7921ABF989900A0A7EF;
			productRefGroup = 1676C79C1ABF989900A0A7EF /* Products */;
			projectDirPath = "";
			projectRoot = "";
			targets = (
				1676C79A1ABF989900A0A7EF /* NumberProblems */,
				1676C7B31ABF989900A0A7EF /* NumberProblemsTests */,
			);
		};
/* End PBXProject section */

/* Begin PBXResourcesBuildPhase section */
		1676C7991ABF989900A0A7EF /* Resources */ = {
			isa = PBXResourcesBuildPhase;
			buildActionMask = 2147483647;
			files = (
				1676C7AA1ABF989900A0A7EF /* Main.storyboard in Resources */,
				1676C7AF1ABF989900A0A7EF /* LaunchScreen.xib in Resources */,
				1676C7AC1ABF989900A0A7EF /* Images.xcassets in Resources */,
			);
			runOnlyForDeploymentPostprocessing = 0;
		};
		1676C7B21ABF989900A0A7EF /* Resources */ = {
			isa = PBXResourcesBuildPhase;
			buildActionMask = 2147483647;
			files = (
			);
			runOnlyForDeploymentPostprocessing = 0;
		};
/* End PBXResourcesBuildPhase section */

/* Begin PBXSourcesBuildPhase section */
		1676C7971ABF989900A0A7EF /* Sources */ = {
			isa = PBXSourcesBuildPhase;
			buildActionMask = 2147483647;
			files = (
				1676C7A71ABF989900A0A7EF /* ViewController.m in Sources */,
				1676C7A41ABF989900A0A7EF /* AppDelegate.m in Sources */,
				1676C7A11ABF989900A0A7EF /* main.m in Sources */,
			);
			runOnlyForDeploymentPostprocessing = 0;
		};
		1676C7B01ABF989900A0A7EF /* Sources */ = {
			isa = PBXSourcesBuildPhase;
			buildActionMask = 2147483647;
			files = (
				1676C7BB1ABF989900A0A7EF /* NumberProblemsTests.m in Sources */,
			);
			runOnlyForDeploymentPostprocessing = 0;
		};
/* End PBXSourcesBuildPhase section */

/* Begin PBXTargetDependency section */
		1676C7B61ABF989900A0A7EF /* PBXTargetDependency */ = {
			isa = PBXTargetDependency;
			target = 1676C79A1ABF989900A0A7EF /* NumberProblems */;
			targetProxy = 1676C7B51ABF989900A0A7EF /* PBXContainerItemProxy */;
		};
/* End PBXTargetDependency section */

/* Begin PBXVariantGroup section */
		1676C7A81ABF989900A0A7EF /* Main.storyboard */ = {
			isa = PBXVariantGroup;
			children = (
				1676C7A91ABF989900A0A7EF /* Base */,
			);
			name = Main.storyboard;
			sourceTree = "<group>";
		};
		1676C7AD1ABF989900A0A7EF /* LaunchScreen.xib */ = {
			isa = PBXVariantGroup;
			children = (
				1676C7AE1ABF989900A0A7EF /* Base */,
			);
			name = LaunchScreen.xib;
			sourceTree = "<group>";
		};
/* End PBXVariantGroup section */

/* Begin XCBuildConfiguration section */
		1676C7BC1ABF989900A0A7EF /* Debug */ = {
			isa = XCBuildConfiguration;
			buildSettings = {
				ALWAYS_SEARCH_USER_PATHS = NO;
				CLANG_CXX_LANGUAGE_STANDARD = "gnu++0x";
				CLANG_CXX_LIBRARY = "libc++";
				CLANG_ENABLE_MODULES = YES;
				CLANG_ENABLE_OBJC_ARC = YES;
				CLANG_WARN_BOOL_CONVERSION = YES;
				CLANG_WARN_CONSTANT_CONVERSION = YES;
				CLANG_WARN_DIRECT_OBJC_ISA_USAGE = YES_ERROR;
				CLANG_WARN_EMPTY_BODY = YES;
				CLANG_WARN_ENUM_CONVERSION = YES;
				CLANG_WARN_INT_CONVERSION = YES;
				CLANG_WARN_OBJC_ROOT_CLASS = YES_ERROR;
				CLANG_WARN_UNREACHABLE_CODE = YES;
				CLANG_WARN__DUPLICATE_METHOD_MATCH = YES;
				"CODE_SIGN_IDENTITY[sdk=iphoneos*]" = "iPhone Developer";
				COPY_PHASE_STRIP = NO;
				ENABLE_STRICT_OBJC_MSGSEND = YES;
				GCC_C_LANGUAGE_STANDARD = gnu99;
				GCC_DYNAMIC_NO_PIC = NO;
				GCC_OPTIMIZATION_LEVEL = 0;
				GCC_PREPROCESSOR_DEFINITIONS = (
					"DEBUG=1",
					"$(inherited)",
				);
				GCC_SYMBOLS_PRIVATE_EXTERN = NO;
				GCC_WARN_64_TO_32_BIT_CONVERSION = YES;
				GCC_WARN_ABOUT_RETURN_TYPE = YES_ERROR;
				GCC_WARN_UNDECLARED_SELECTOR = YES;
				GCC_WARN_UNINITIALIZED_AUTOS = YES_AGGRESSIVE;
				GCC_WARN_UNUSED_FUNCTION = YES;
				GCC_WARN_UNUSED_VARIABLE = YES;
				IPHONEOS_DEPLOYMENT_TARGET = 8.2;
				MTL_ENABLE_DEBUG_INFO = YES;
				ONLY_ACTIVE_ARCH = YES;
				SDKROOT = iphoneos;
				TARGETED_DEVICE_FAMILY = "1,2";
			};
			name = Debug;
		};
		1676C7BD1ABF989900A0A7EF /* Release */ = {
			isa = XCBuildConfiguration;
			buildSettings = {
				ALWAYS_SEARCH_USER_PATHS = NO;
				CLANG_CXX_LANGUAGE_STANDARD = "gnu++0x";
				CLANG_CXX_LIBRARY = "libc++";
				CLANG_ENABLE_MODULES = YES;
				CLANG_ENABLE_OBJC_ARC = YES;
				CLANG_WARN_BOOL_CONVERSION = YES;
				CLANG_WARN_CONSTANT_CONVERSION = YES;
				CLANG_WARN_DIRECT_OBJC_ISA_USAGE = YES_ERROR;
				CLANG_WARN_EMPTY_BODY = YES;
				CLANG_WARN_ENUM_CONVERSION = YES;
				CLANG_WARN_INT_CONVERSION = YES;
				CLANG_WARN_OBJC_ROOT_CLASS = YES_ERROR;
				CLANG_WARN_UNREACHABLE_CODE = YES;
				CLANG_WARN__DUPLICATE_METHOD_MATCH = YES;
				"CODE_SIGN_IDENTITY[sdk=iphoneos*]" = "iPhone Developer";
				COPY_PHASE_STRIP = NO;
				ENABLE_NS_ASSERTIONS = NO;
				ENABLE_STRICT_OBJC_MSGSEND = YES;
				GCC_C_LANGUAGE_STANDARD = gnu99;
				GCC_WARN_64_TO_32_BIT_CONVERSION = YES;
				GCC_WARN_ABOUT_RETURN_TYPE = YES_ERROR;
				GCC_WARN_UNDECLARED_SELECTOR = YES;
				GCC_WARN_UNINITIALIZED_AUTOS = YES_AGGRESSIVE;
				GCC_WARN_UNUSED_FUNCTION = YES;
				GCC_WARN_UNUSED_VARIABLE = YES;
				IPHONEOS_DEPLOYMENT_TARGET = 8.2;
				MTL_ENABLE_DEBUG_INFO = NO;
				SDKROOT = iphoneos;
				TARGETED_DEVICE_FAMILY = "1,2";
				VALIDATE_PRODUCT = YES;
			};
			name = Release;
		};
		1676C7BF1ABF989900A0A7EF /* Debug */ = {
			isa = XCBuildConfiguration;
			buildSettings = {
				ASSETCATALOG_COMPILER_APPICON_NAME = AppIcon;
				INFOPLIST_FILE = NumberProblems/Info.plist;
				LD_RUNPATH_SEARCH_PATHS = "$(inherited) @executable_path/Frameworks";
				PRODUCT_NAME = "$(TARGET_NAME)";
			};
			name = Debug;
		};
		1676C7C01ABF989900A0A7EF /* Release */ = {
			isa = XCBuildConfiguration;
			buildSettings = {
				ASSETCATALOG_COMPILER_APPICON_NAME = AppIcon;
				INFOPLIST_FILE = NumberProblems/Info.plist;
				LD_RUNPATH_SEARCH_PATHS = "$(inherited) @executable_path/Frameworks";
				PRODUCT_NAME = "$(TARGET_NAME)";
			};
			name = Release;
		};
		1676C7C21ABF989900A0A7EF /* Debug */ = {
			isa = XCBuildConfiguration;
			buildSettings = {
				BUNDLE_LOADER = "$(TEST_HOST)";
				FRAMEWORK_SEARCH_PATHS = (
					"$(SDKROOT)/Developer/Library/Frameworks",
					"$(inherited)",
				);
				GCC_PREPROCESSOR_DEFINITIONS = (
					"DEBUG=1",
					"$(inherited)",
				);
				INFOPLIST_FILE = NumberProblemsTests/Info.plist;
				LD_RUNPATH_SEARCH_PATHS = "$(inherited) @executable_path/Frameworks @loader_path/Frameworks";
				PRODUCT_NAME = "$(TARGET_NAME)";
				TEST_HOST = "$(BUILT_PRODUCTS_DIR)/NumberProblems.app/NumberProblems";
			};
			name = Debug;
		};
		1676C7C31ABF989900A0A7EF /* Release */ = {
			isa = XCBuildConfiguration;
			buildSettings = {
				BUNDLE_LOADER = "$(TEST_HOST)";
				FRAMEWORK_SEARCH_PATHS = (
					"$(SDKROOT)/Developer/Library/Frameworks",
					"$(inherited)",
				);
				INFOPLIST_FILE = NumberProblemsTests/Info.plist;
				LD_RUNPATH_SEARCH_PATHS = "$(inherited) @executable_path/Frameworks @loader_path/Frameworks";
				PRODUCT_NAME = "$(TARGET_NAME)";
				TEST_HOST = "$(BUILT_PRODUCTS_DIR)/NumberProblems.app/NumberProblems";
			};
			name = Release;
		};
/* End XCBuildConfiguration section */

/* Begin XCConfigurationList section */
		1676C7961ABF989900A0A7EF /* Build configuration list for PBXProject "NumberProblems" */ = {
			isa = XCConfigurationList;
			buildConfigurations = (
				1676C7BC1ABF989900A0A7EF /* Debug */,
				1676C7BD1ABF989900A0A7EF /* Release */,
			);
			defaultConfigurationIsVisible = 0;
			defaultConfigurationName = Release;
		};
		1676C7BE1ABF989900A0A7EF /* Build configuration list for PBXNativeTarget "NumberProblems" */ = {
			isa = XCConfigurationList;
			buildConfigurations = (
				1676C7BF1ABF989900A0A7EF /* Debug */,
				1676C7C01ABF989900A0A7EF /* Release */,
			);
			defaultConfigurationIsVisible = 0;
		};
		1676C7C11ABF989900A0A7EF /* Build configuration list for PBXNativeTarget "NumberProblemsTests" */ = {
			isa = XCConfigurationList;
			buildConfigurations = (
				1676C7C21ABF989900A0A7EF /* Debug */,
				1676C7C31ABF989900A0A7EF /* Release */,
			);
			defaultConfigurationIsVisible = 0;
		};
/* End XCConfigurationList section */
	};
	rootObject = 1676C7931ABF989900A0A7EF /* Project object */;
}
